
Microsoft Visual Studio Solution File, Format Version 12.00
# Visual Studio Version 16
VisualStudioVersion = 16.0.30503.244
MinimumVisualStudioVersion = 10.0.40219.1
Project("{151D2E53-A2C4-4D7D-83FE-D05416EBD58E}") = "LogicAppDemo", "LogicAppDemo.deployproj", "{FC7EDC2B-7EAC-41FC-93EE-4F6ACC5DFAE0}"
EndProject
Global
	GlobalSection(SolutionConfigurationPlatforms) = preSolution
		Debug|Any CPU = Debug|Any CPU
		Release|Any CPU = Release|Any CPU
	EndGlobalSection
	GlobalSection(ProjectConfigurationPlatforms) = postSolution
		{FC7EDC2B-7EAC-41FC-93EE-4F6ACC5DFAE0}.Debug|Any CPU.ActiveCfg = Debug|Any CPU
		{FC7EDC2B-7EAC-41FC-93EE-4F6ACC5DFAE0}.Debug|Any CPU.Build.0 = Debug|Any CPU
		{FC7EDC2B-7EAC-41FC-93EE-4F6ACC5DFAE0}.Release|Any CPU.ActiveCfg = Release|Any CPU
		{FC7EDC2B-7EAC-41FC-93EE-4F6ACC5DFAE0}.Release|Any CPU.Build.0 = Release|Any CPU
	EndGlobalSection
	GlobalSection(SolutionProperties) = preSolution
		HideSolutionNode = FALSE
	EndGlobalSection
	GlobalSection(ExtensibilityGlobals) = postSolution
		SolutionGuid = {31C25495-E3FF-48FE-A991-195C708B3566}
	EndGlobalSection
EndGlobal
